// !$*UTF8*$!
{
	archiveVersion = 1;
	classes = {
	};
	objectVersion = 46;
	objects = {

/* Begin PBXBuildFile section */
		E3724E30201F823700D89BAE /* AppDelegate.swift in Sources */ = {isa = PBXBuildFile; fileRef = E3724E2F201F823700D89BAE /* AppDelegate.swift */; };
		E3724E32201F823700D89BAE /* ViewController.swift in Sources */ = {isa = PBXBuildFile; fileRef = E3724E31201F823700D89BAE /* ViewController.swift */; };
		E3724E35201F823700D89BAE /* Main.storyboard in Resources */ = {isa = PBXBuildFile; fileRef = E3724E33201F823700D89BAE /* Main.storyboard */; };
		E3724E37201F823700D89BAE /* Assets.xcassets in Resources */ = {isa = PBXBuildFile; fileRef = E3724E36201F823700D89BAE /* Assets.xcassets */; };
		E3724E3A201F823700D89BAE /* LaunchScreen.storyboard in Resources */ = {isa = PBXBuildFile; fileRef = E3724E38201F823700D89BAE /* LaunchScreen.storyboard */; };
		E3724E45201F823700D89BAE /* Pokedex2Tests.swift in Sources */ = {isa = PBXBuildFile; fileRef = E3724E44201F823700D89BAE /* Pokedex2Tests.swift */; };
/* End PBXBuildFile section */

/* Begin PBXContainerItemProxy section */
		E3724E41201F823700D89BAE /* PBXContainerItemProxy */ = {
			isa = PBXContainerItemProxy;
			containerPortal = E3724E24201F823700D89BAE /* Project object */;
			proxyType = 1;
			remoteGlobalIDString = E3724E2B201F823700D89BAE;
			remoteInfo = Pokedex2;
		};
/* End PBXContainerItemProxy section */

/* Begin PBXFileReference section */
		E3724E2C201F823700D89BAE /* Pokedex2.app */ = {isa = PBXFileReference; explicitFileType = wrapper.application; includeInIndex = 0; path = Pokedex2.app; sourceTree = BUILT_PRODUCTS_DIR; };
		E3724E2F201F823700D89BAE /* AppDelegate.swift */ = {isa = PBXFileReference; lastKnownFileType = sourcecode.swift; path = AppDelegate.swift; sourceTree = "<group>"; };
		E3724E31201F823700D89BAE /* ViewController.swift */ = {isa = PBXFileReference; lastKnownFileType = sourcecode.swift; path = ViewController.swift; sourceTree = "<group>"; };
		E3724E34201F823700D89BAE /* Base */ = {isa = PBXFileReference; lastKnownFileType = file.storyboard; name = Base; path = Base.lproj/Main.storyboard; sourceTree = "<group>"; };
		E3724E36201F823700D89BAE /* Assets.xcassets */ = {isa = PBXFileReference; lastKnownFileType = folder.assetcatalog; path = Assets.xcassets; sourceTree = "<group>"; };
		E3724E39201F823700D89BAE /* Base */ = {isa = PBXFileReference; lastKnownFileType = file.storyboard; name = Base; path = Base.lproj/LaunchScreen.storyboard; sourceTree = "<group>"; };
		E3724E3B201F823700D89BAE /* Info.plist */ = {isa = PBXFileReference; lastKnownFileType = text.plist.xml; path = Info.plist; sourceTree = "<group>"; };
		E3724E40201F823700D89BAE /* Pokedex2Tests.xctest */ = {isa = PBXFileReference; explicitFileType = wrapper.cfbundle; includeInIndex = 0; path = Pokedex2Tests.xctest; sourceTree = BUILT_PRODUCTS_DIR; };
		E3724E44201F823700D89BAE /* Pokedex2Tests.swift */ = {isa = PBXFileReference; lastKnownFileType = sourcecode.swift; path = Pokedex2Tests.swift; sourceTree = "<group>"; };
		E3724E46201F823700D89BAE /* Info.plist */ = {isa = PBXFileReference; lastKnownFileType = text.plist.xml; path = Info.plist; sourceTree = "<group>"; };
/* End PBXFileReference section */

/* Begin PBXFrameworksBuildPhase section */
		E3724E29201F823700D89BAE /* Frameworks */ = {
			isa = PBXFrameworksBuildPhase;
			buildActionMask = 2147483647;
			files = (
			);
			runOnlyForDeploymentPostprocessing = 0;
		};
		E3724E3D201F823700D89BAE /* Frameworks */ = {
			isa = PBXFrameworksBuildPhase;
			buildActionMask = 2147483647;
			files = (
			);
			runOnlyForDeploymentPostprocessing = 0;
		};
/* End PBXFrameworksBuildPhase section */

/* Begin PBXGroup section */
		E3724E23201F823700D89BAE = {
			isa = PBXGroup;
			children = (
				E3724E2E201F823700D89BAE /* Pokedex2 */,
				E3724E43201F823700D89BAE /* Pokedex2Tests */,
				E3724E2D201F823700D89BAE /* Products */,
			);
			sourceTree = "<group>";
		};
		E3724E2D201F823700D89BAE /* Products */ = {
			isa = PBXGroup;
			children = (
				E3724E2C201F823700D89BAE /* Pokedex2.app */,
				E3724E40201F823700D89BAE /* Pokedex2Tests.xctest */,
			);
			name = Products;
			sourceTree = "<group>";
		};
		E3724E2E201F823700D89BAE /* Pokedex2 */ = {
			isa = PBXGroup;
			children = (
				E3724E2F201F823700D89BAE /* AppDelegate.swift */,
				E3724E31201F823700D89BAE /* ViewController.swift */,
				E3724E33201F823700D89BAE /* Main.storyboard */,
				E3724E36201F823700D89BAE /* Assets.xcassets */,
				E3724E38201F823700D89BAE /* LaunchScreen.storyboard */,
				E3724E3B201F823700D89BAE /* Info.plist */,
			);
			path = Pokedex2;
			sourceTree = "<group>";
		};
		E3724E43201F823700D89BAE /* Pokedex2Tests */ = {
			isa = PBXGroup;
			children = (
				E3724E44201F823700D89BAE /* Pokedex2Tests.swift */,
				E3724E46201F823700D89BAE /* Info.plist */,
			);
			path = Pokedex2Tests;
			sourceTree = "<group>";
		};
/* End PBXGroup section */

/* Begin PBXNativeTarget section */
		E3724E2B201F823700D89BAE /* Pokedex2 */ = {
			isa = PBXNativeTarget;
			buildConfigurationList = E3724E49201F823700D89BAE /* Build configuration list for PBXNativeTarget "Pokedex2" */;
			buildPhases = (
				E3724E28201F823700D89BAE /* Sources */,
				E3724E29201F823700D89BAE /* Frameworks */,
				E3724E2A201F823700D89BAE /* Resources */,
			);
			buildRules = (
			);
			dependencies = (
			);
			name = Pokedex2;
			productName = Pokedex2;
			productReference = E3724E2C201F823700D89BAE /* Pokedex2.app */;
			productType = "com.apple.product-type.application";
		};
		E3724E3F201F823700D89BAE /* Pokedex2Tests */ = {
			isa = PBXNativeTarget;
			buildConfigurationList = E3724E4C201F823700D89BAE /* Build configuration list for PBXNativeTarget "Pokedex2Tests" */;
			buildPhases = (
				E3724E3C201F823700D89BAE /* Sources */,
				E3724E3D201F823700D89BAE /* Frameworks */,
				E3724E3E201F823700D89BAE /* Resources */,
			);
			buildRules = (
			);
			dependencies = (
				E3724E42201F823700D89BAE /* PBXTargetDependency */,
			);
			name = Pokedex2Tests;
			productName = Pokedex2Tests;
			productReference = E3724E40201F823700D89BAE /* Pokedex2Tests.xctest */;
			productType = "com.apple.product-type.bundle.unit-test";
		};
/* End PBXNativeTarget section */

/* Begin PBXProject section */
		E3724E24201F823700D89BAE /* Project object */ = {
			isa = PBXProject;
			attributes = {
				LastSwiftUpdateCheck = 0820;
				LastUpgradeCheck = 0820;
				ORGANIZATIONNAME = Lohit;
				TargetAttributes = {
					E3724E2B201F823700D89BAE = {
						CreatedOnToolsVersion = 8.2.1;
						ProvisioningStyle = Automatic;
					};
					E3724E3F201F823700D89BAE = {
						CreatedOnToolsVersion = 8.2.1;
						ProvisioningStyle = Automatic;
						TestTargetID = E3724E2B201F823700D89BAE;
					};
				};
			};
			buildConfigurationList = E3724E27201F823700D89BAE /* Build configuration list for PBXProject "Pokedex2" */;
			compatibilityVersion = "Xcode 3.2";
			developmentRegion = English;
			hasScannedForEncodings = 0;
			knownRegions = (
				en,
				Base,
			);
			mainGroup = E3724E23201F823700D89BAE;
			productRefGroup = E3724E2D201F823700D89BAE /* Products */;
			projectDirPath = "";
			projectRoot = "";
			targets = (
				E3724E2B201F823700D89BAE /* Pokedex2 */,
				E3724E3F201F823700D89BAE /* Pokedex2Tests */,
			);
		};
/* End PBXProject section */

/* Begin PBXResourcesBuildPhase section */
		E3724E2A201F823700D89BAE /* Resources */ = {
			isa = PBXResourcesBuildPhase;
			buildActionMask = 2147483647;
			files = (
				E3724E3A201F823700D89BAE /* LaunchScreen.storyboard in Resources */,
				E3724E37201F823700D89BAE /* Assets.xcassets in Resources */,
				E3724E35201F823700D89BAE /* Main.storyboard in Resources */,
			);
			runOnlyForDeploymentPostprocessing = 0;
		};
		E3724E3E201F823700D89BAE /* Resources */ = {
			isa = PBXResourcesBuildPhase;
			buildActionMask = 2147483647;
			files = (
			);
			runOnlyForDeploymentPostprocessing = 0;
		};
/* End PBXResourcesBuildPhase section */

/* Begin PBXSourcesBuildPhase section */
		E3724E28201F823700D89BAE /* Sources */ = {
			isa = PBXSourcesBuildPhase;
			buildActionMask = 2147483647;
			files = (
				E3724E32201F823700D89BAE /* ViewController.swift in Sources */,
				E3724E30201F823700D89BAE /* AppDelegate.swift in Sources */,
			);
			runOnlyForDeploymentPostprocessing = 0;
		};
		E3724E3C201F823700D89BAE /* Sources */ = {
			isa = PBXSourcesBuildPhase;
			buildActionMask = 2147483647;
			files = (
				E3724E45201F823700D89BAE /* Pokedex2Tests.swift in Sources */,
			);
			runOnlyForDeploymentPostprocessing = 0;
		};
/* End PBXSourcesBuildPhase section */

/* Begin PBXTargetDependency section */
		E3724E42201F823700D89BAE /* PBXTargetDependency */ = {
			isa = PBXTargetDependency;
			target = E3724E2B201F823700D89BAE /* Pokedex2 */;
			targetProxy = E3724E41201F823700D89BAE /* PBXContainerItemProxy */;
		};
/* End PBXTargetDependency section */

/* Begin PBXVariantGroup section */
		E3724E33201F823700D89BAE /* Main.storyboard */ = {
			isa = PBXVariantGroup;
			children = (
				E3724E34201F823700D89BAE /* Base */,
			);
			name = Main.storyboard;
			sourceTree = "<group>";
		};
		E3724E38201F823700D89BAE /* LaunchScreen.storyboard */ = {
			isa = PBXVariantGroup;
			children = (
				E3724E39201F823700D89BAE /* Base */,
			);
			name = LaunchScreen.storyboard;
			sourceTree = "<group>";
		};
/* End PBXVariantGroup section */

/* Begin XCBuildConfiguration section */
		E3724E47201F823700D89BAE /* Debug */ = {
			isa = XCBuildConfiguration;
			buildSettings = {
				ALWAYS_SEARCH_USER_PATHS = NO;
				CLANG_ANALYZER_NONNULL = YES;
				CLANG_CXX_LANGUAGE_STANDARD = "gnu++0x";
				CLANG_CXX_LIBRARY = "libc++";
				CLANG_ENABLE_MODULES = YES;
				CLANG_ENABLE_OBJC_ARC = YES;
				CLANG_WARN_BOOL_CONVERSION = YES;
				CLANG_WARN_CONSTANT_CONVERSION = YES;
				CLANG_WARN_DIRECT_OBJC_ISA_USAGE = YES_ERROR;
				CLANG_WARN_DOCUMENTATION_COMMENTS = YES;
				CLANG_WARN_EMPTY_BODY = YES;
				CLANG_WARN_ENUM_CONVERSION = YES;
				CLANG_WARN_INFINITE_RECURSION = YES;
				CLANG_WARN_INT_CONVERSION = YES;
				CLANG_WARN_OBJC_ROOT_CLASS = YES_ERROR;
				CLANG_WARN_SUSPICIOUS_MOVE = YES;
				CLANG_WARN_UNREACHABLE_CODE = YES;
				CLANG_WARN__DUPLICATE_METHOD_MATCH = YES;
				"CODE_SIGN_IDENTITY[sdk=iphoneos*]" = "iPhone Developer";
				COPY_PHASE_STRIP = NO;
				DEBUG_INFORMATION_FORMAT = dwarf;
				ENABLE_STRICT_OBJC_MSGSEND = YES;
				ENABLE_TESTABILITY = YES;
				GCC_C_LANGUAGE_STANDARD = gnu99;
				GCC_DYNAMIC_NO_PIC = NO;
				GCC_NO_COMMON_BLOCKS = YES;
				GCC_OPTIMIZATION_LEVEL = 0;
				GCC_PREPROCESSOR_DEFINITIONS = (
					"DEBUG=1",
					"$(inherited)",
				);
				GCC_WARN_64_TO_32_BIT_CONVERSION = YES;
				GCC_WARN_ABOUT_RETURN_TYPE = YES_ERROR;
				GCC_WARN_UNDECLARED_SELECTOR = YES;
				GCC_WARN_UNINITIALIZED_AUTOS = YES_AGGRESSIVE;
				GCC_WARN_UNUSED_FUNCTION = YES;
				GCC_WARN_UNUSED_VARIABLE = YES;
				IPHONEOS_DEPLOYMENT_TARGET = 10.2;
				MTL_ENABLE_DEBUG_INFO = YES;
				ONLY_ACTIVE_ARCH = YES;
				SDKROOT = iphoneos;
				SWIFT_ACTIVE_COMPILATION_CONDITIONS = DEBUG;
				SWIFT_OPTIMIZATION_LEVEL = "-Onone";
				TARGETED_DEVICE_FAMILY = "1,2";
			};
			name = Debug;
		};
		E3724E48201F823700D89BAE /* Release */ = {
			isa = XCBuildConfiguration;
			buildSettings = {
				ALWAYS_SEARCH_USER_PATHS = NO;
				CLANG_ANALYZER_NONNULL = YES;
				CLANG_CXX_LANGUAGE_STANDARD = "gnu++0x";
				CLANG_CXX_LIBRARY = "libc++";
				CLANG_ENABLE_MODULES = YES;
				CLANG_ENABLE_OBJC_ARC = YES;
				CLANG_WARN_BOOL_CONVERSION = YES;
				CLANG_WARN_CONSTANT_CONVERSION = YES;
				CLANG_WARN_DIRECT_OBJC_ISA_USAGE = YES_ERROR;
				CLANG_WARN_DOCUMENTATION_COMMENTS = YES;
				CLANG_WARN_EMPTY_BODY = YES;
				CLANG_WARN_ENUM_CONVERSION = YES;
				CLANG_WARN_INFINITE_RECURSION = YES;
				CLANG_WARN_INT_CONVERSION = YES;
				CLANG_WARN_OBJC_ROOT_CLASS = YES_ERROR;
				CLANG_WARN_SUSPICIOUS_MOVE = YES;
				CLANG_WARN_UNREACHABLE_CODE = YES;
				CLANG_WARN__DUPLICATE_METHOD_MATCH = YES;
				"CODE_SIGN_IDENTITY[sdk=iphoneos*]" = "iPhone Developer";
				COPY_PHASE_STRIP = NO;
				DEBUG_INFORMATION_FORMAT = "dwarf-with-dsym";
				ENABLE_NS_ASSERTIONS = NO;
				ENABLE_STRICT_OBJC_MSGSEND = YES;
				GCC_C_LANGUAGE_STANDARD = gnu99;
				GCC_NO_COMMON_BLOCKS = YES;
				GCC_WARN_64_TO_32_BIT_CONVERSION = YES;
				GCC_WARN_ABOUT_RETURN_TYPE = YES_ERROR;
				GCC_WARN_UNDECLARED_SELECTOR = YES;
				GCC_WARN_UNINITIALIZED_AUTOS = YES_AGGRESSIVE;
				GCC_WARN_UNUSED_FUNCTION = YES;
				GCC_WARN_UNUSED_VARIABLE = YES;
				IPHONEOS_DEPLOYMENT_TARGET = 10.2;
				MTL_ENABLE_DEBUG_INFO = NO;
				SDKROOT = iphoneos;
				SWIFT_OPTIMIZATION_LEVEL = "-Owholemodule";
				TARGETED_DEVICE_FAMILY = "1,2";
				VALIDATE_PRODUCT = YES;
			};
			name = Release;
		};
		E3724E4A201F823700D89BAE /* Debug */ = {
			isa = XCBuildConfiguration;
			buildSettings = {
				ASSETCATALOG_COMPILER_APPICON_NAME = AppIcon;
				INFOPLIST_FILE = Pokedex2/Info.plist;
				LD_RUNPATH_SEARCH_PATHS = "$(inherited) @executable_path/Frameworks";
				PRODUCT_BUNDLE_IDENTIFIER = com.example.Pokedex2;
				PRODUCT_NAME = "$(TARGET_NAME)";
				SWIFT_VERSION = 3.0;
			};
			name = Debug;
		};
		E3724E4B201F823700D89BAE /* Release */ = {
			isa = XCBuildConfiguration;
			buildSettings = {
				ASSETCATALOG_COMPILER_APPICON_NAME = AppIcon;
				INFOPLIST_FILE = Pokedex2/Info.plist;
				LD_RUNPATH_SEARCH_PATHS = "$(inherited) @executable_path/Frameworks";
				PRODUCT_BUNDLE_IDENTIFIER = com.example.Pokedex2;
				PRODUCT_NAME = "$(TARGET_NAME)";
				SWIFT_VERSION = 3.0;
			};
			name = Release;
		};
		E3724E4D201F823700D89BAE /* Debug */ = {
			isa = XCBuildConfiguration;
			buildSettings = {
				ALWAYS_EMBED_SWIFT_STANDARD_LIBRARIES = YES;
				BUNDLE_LOADER = "$(TEST_HOST)";
				INFOPLIST_FILE = Pokedex2Tests/Info.plist;
				LD_RUNPATH_SEARCH_PATHS = "$(inherited) @executable_path/Frameworks @loader_path/Frameworks";
				PRODUCT_BUNDLE_IDENTIFIER = com.example.Pokedex2Tests;
				PRODUCT_NAME = "$(TARGET_NAME)";
				SWIFT_VERSION = 3.0;
				TEST_HOST = "$(BUILT_PRODUCTS_DIR)/Pokedex2.app/Pokedex2";
			};
			name = Debug;
		};
		E3724E4E201F823700D89BAE /* Release */ = {
			isa = XCBuildConfiguration;
			buildSettings = {
				ALWAYS_EMBED_SWIFT_STANDARD_LIBRARIES = YES;
				BUNDLE_LOADER = "$(TEST_HOST)";
				INFOPLIST_FILE = Pokedex2Tests/Info.plist;
				LD_RUNPATH_SEARCH_PATHS = "$(inherited) @executable_path/Frameworks @loader_path/Frameworks";
				PRODUCT_BUNDLE_IDENTIFIER = com.example.Pokedex2Tests;
				PRODUCT_NAME = "$(TARGET_NAME)";
				SWIFT_VERSION = 3.0;
				TEST_HOST = "$(BUILT_PRODUCTS_DIR)/Pokedex2.app/Pokedex2";
			};
			name = Release;
		};
/* End XCBuildConfiguration section */

/* Begin XCConfigurationList section */
		E3724E27201F823700D89BAE /* Build configuration list for PBXProject "Pokedex2" */ = {
			isa = XCConfigurationList;
			buildConfigurations = (
				E3724E47201F823700D89BAE /* Debug */,
				E3724E48201F823700D89BAE /* Release */,
			);
			defaultConfigurationIsVisible = 0;
			defaultConfigurationName = Release;
		};
		E3724E49201F823700D89BAE /* Build configuration list for PBXNativeTarget "Pokedex2" */ = {
			isa = XCConfigurationList;
			buildConfigurations = (
				E3724E4A201F823700D89BAE /* Debug */,
				E3724E4B201F823700D89BAE /* Release */,
			);
			defaultConfigurationIsVisible = 0;
		};
		E3724E4C201F823700D89BAE /* Build configuration list for PBXNativeTarget "Pokedex2Tests" */ = {
			isa = XCConfigurationList;
			buildConfigurations = (
				E3724E4D201F823700D89BAE /* Debug */,
				E3724E4E201F823700D89BAE /* Release */,
			);
			defaultConfigurationIsVisible = 0;
		};
/* End XCConfigurationList section */
	};
	rootObject = E3724E24201F823700D89BAE /* Project object */;
}
